
Microsoft Visual Studio Solution File, Format Version 12.00
# Visual Studio Version 17
VisualStudioVersion = 17.13.35825.156 d17.13
MinimumVisualStudioVersion = 10.0.40219.1
Project("{FAE04EC0-301F-11D3-BF4B-00C04F79EFBC}") = "BookBlurb", "BookBlurb.csproj", "{0C044342-1A58-3F3C-BD1F-4DC6E10EF1AF}"
EndProject
Global
	GlobalSection(SolutionConfigurationPlatforms) = preSolution
		Debug|Any CPU = Debug|Any CPU
		Release|Any CPU = Release|Any CPU
	EndGlobalSection
	GlobalSection(ProjectConfigurationPlatforms) = postSolution
		{0C044342-1A58-3F3C-BD1F-4DC6E10EF1AF}.Debug|Any CPU.ActiveCfg = Debug|Any CPU
		{0C044342-1A58-3F3C-BD1F-4DC6E10EF1AF}.Debug|Any CPU.Build.0 = Debug|Any CPU
		{0C044342-1A58-3F3C-BD1F-4DC6E10EF1AF}.Release|Any CPU.ActiveCfg = Release|Any CPU
		{0C044342-1A58-3F3C-BD1F-4DC6E10EF1AF}.Release|Any CPU.Build.0 = Release|Any CPU
	EndGlobalSection
	GlobalSection(SolutionProperties) = preSolution
		HideSolutionNode = FALSE
	EndGlobalSection
	GlobalSection(ExtensibilityGlobals) = postSolution
		SolutionGuid = {18A1381B-1EA6-42FC-822F-76AC7379D2BB}
	EndGlobalSection
EndGlobal
